
Microsoft Visual Studio Solution File, Format Version 12.00
# Visual Studio Version 16
VisualStudioVersion = 25.0.1703.0
MinimumVisualStudioVersion = 10.0.40219.1
Project("{FAE04EC0-301F-11D3-BF4B-00C04F79EFBC}") = "Shakespeare", "Shakespeare\Shakespeare.csproj", "{52711F74-236B-4755-8D51-936F4CCA4804}"
EndProject
Global
	GlobalSection(SolutionConfigurationPlatforms) = preSolution
		Debug|Any CPU = Debug|Any CPU
		Release|Any CPU = Release|Any CPU
	EndGlobalSection
	GlobalSection(ProjectConfigurationPlatforms) = postSolution
		{52711F74-236B-4755-8D51-936F4CCA4804}.Debug|Any CPU.ActiveCfg = Debug|Any CPU
		{52711F74-236B-4755-8D51-936F4CCA4804}.Debug|Any CPU.Build.0 = Debug|Any CPU
		{52711F74-236B-4755-8D51-936F4CCA4804}.Release|Any CPU.ActiveCfg = Release|Any CPU
		{52711F74-236B-4755-8D51-936F4CCA4804}.Release|Any CPU.Build.0 = Release|Any CPU
	EndGlobalSection
	GlobalSection(SolutionProperties) = preSolution
		HideSolutionNode = FALSE
	EndGlobalSection
	GlobalSection(ExtensibilityGlobals) = postSolution
		SolutionGuid = {A173D43F-98F1-4D44-AE65-C59404ECEC8B}
	EndGlobalSection
EndGlobal
